
Microsoft Visual Studio Solution File, Format Version 12.00
# Visual Studio 15
VisualStudioVersion = 15.0.28010.2041
MinimumVisualStudioVersion = 10.0.40219.1
Project("{9A19103F-16F7-4668-BE54-9A1E7A4F7556}") = "FBc", "FBc\FBc.csproj", "{03DB6C58-67E7-4247-941A-E756992D7E11}"
EndProject
Project("{2150E333-8FDC-42A3-9474-1A3956D46DE8}") = "Solution Items", "Solution Items", "{CA51CEFC-20FC-4FE3-BAE1-A00745F2A5EC}"
EndProject
Project("{FAE04EC0-301F-11D3-BF4B-00C04F79EFBC}") = "UnitTestProject1", "UnitTestProject1\UnitTestProject1.csproj", "{88AC0D48-FC97-4D26-8F8A-34D265BC4DEA}"
EndProject
Global
	GlobalSection(SolutionConfigurationPlatforms) = preSolution
		Debug|Any CPU = Debug|Any CPU
		Release|Any CPU = Release|Any CPU
	EndGlobalSection
	GlobalSection(ProjectConfigurationPlatforms) = postSolution
		{03DB6C58-67E7-4247-941A-E756992D7E11}.Debug|Any CPU.ActiveCfg = Debug|Any CPU
		{03DB6C58-67E7-4247-941A-E756992D7E11}.Debug|Any CPU.Build.0 = Debug|Any CPU
		{03DB6C58-67E7-4247-941A-E756992D7E11}.Release|Any CPU.ActiveCfg = Release|Any CPU
		{03DB6C58-67E7-4247-941A-E756992D7E11}.Release|Any CPU.Build.0 = Release|Any CPU
		{88AC0D48-FC97-4D26-8F8A-34D265BC4DEA}.Debug|Any CPU.ActiveCfg = Debug|Any CPU
		{88AC0D48-FC97-4D26-8F8A-34D265BC4DEA}.Debug|Any CPU.Build.0 = Debug|Any CPU
		{88AC0D48-FC97-4D26-8F8A-34D265BC4DEA}.Release|Any CPU.ActiveCfg = Release|Any CPU
		{88AC0D48-FC97-4D26-8F8A-34D265BC4DEA}.Release|Any CPU.Build.0 = Release|Any CPU
	EndGlobalSection
	GlobalSection(SolutionProperties) = preSolution
		HideSolutionNode = FALSE
	EndGlobalSection
	GlobalSection(ExtensibilityGlobals) = postSolution
		SolutionGuid = {4E942798-09BB-4139-B93D-0AA7D9559F2C}
	EndGlobalSection
EndGlobal
