
Microsoft Visual Studio Solution File, Format Version 12.00
# Visual Studio Version 16
VisualStudioVersion = 16.0.29209.62
MinimumVisualStudioVersion = 10.0.40219.1
Project("{9A19103F-16F7-4668-BE54-9A1E7A4F7556}") = "CompilerInfrastructure", "CompilerInfrastructure\CompilerInfrastructure\CompilerInfrastructure.csproj", "{19689540-1778-4AAC-80F0-D8349BD390DE}"
EndProject
Project("{8BC9CEB8-8B4A-11D0-8D11-00A0C91BC942}") = "LLVMInterface", "LLVMInterface\LLVMInterface\LLVMInterface.vcxproj", "{A21FB203-1CF4-442D-B88E-E528C48879B2}"
EndProject
Project("{9A19103F-16F7-4668-BE54-9A1E7A4F7556}") = "LLVMCodeGenerator", "LLVMCodeGenerator\LLVMCodeGenerator\LLVMCodeGenerator.csproj", "{8A5C42B1-FBB0-4BA9-A6CF-8B14FF1E9AA0}"
	ProjectSection(ProjectDependencies) = postProject
		{A21FB203-1CF4-442D-B88E-E528C48879B2} = {A21FB203-1CF4-442D-B88E-E528C48879B2}
		{19689540-1778-4AAC-80F0-D8349BD390DE} = {19689540-1778-4AAC-80F0-D8349BD390DE}
	EndProjectSection
EndProject
Project("{9A19103F-16F7-4668-BE54-9A1E7A4F7556}") = "FBc", "FBc\FBc\FBc.csproj", "{1F5E9BD3-65C7-48D5-AA42-79D2F4753003}"
	ProjectSection(ProjectDependencies) = postProject
		{19689540-1778-4AAC-80F0-D8349BD390DE} = {19689540-1778-4AAC-80F0-D8349BD390DE}
		{8A5C42B1-FBB0-4BA9-A6CF-8B14FF1E9AA0} = {8A5C42B1-FBB0-4BA9-A6CF-8B14FF1E9AA0}
	EndProjectSection
EndProject
Project("{8BC9CEB8-8B4A-11D0-8D11-00A0C91BC942}") = "FB_JIT", "FB_JIT\BasicBitcodeJIT\BasicBitcodeJIT.vcxproj", "{DF9A77F2-5092-4966-9375-A308D3113D13}"
EndProject
Project("{FAE04EC0-301F-11D3-BF4B-00C04F79EFBC}") = "CITest", "CITest\CITest.csproj", "{CC80B186-11A3-4CA2-85B9-26425FC494DF}"
EndProject
Global
	GlobalSection(SolutionConfigurationPlatforms) = preSolution
		Debug|Any CPU = Debug|Any CPU
		Debug|x64 = Debug|x64
		Debug|x86 = Debug|x86
		MinSizeRel|Any CPU = MinSizeRel|Any CPU
		MinSizeRel|x64 = MinSizeRel|x64
		MinSizeRel|x86 = MinSizeRel|x86
		Release_DLL|Any CPU = Release_DLL|Any CPU
		Release_DLL|x64 = Release_DLL|x64
		Release_DLL|x86 = Release_DLL|x86
		Release|Any CPU = Release|Any CPU
		Release|x64 = Release|x64
		Release|x86 = Release|x86
		RelWithDebInfo_DLL|Any CPU = RelWithDebInfo_DLL|Any CPU
		RelWithDebInfo_DLL|x64 = RelWithDebInfo_DLL|x64
		RelWithDebInfo_DLL|x86 = RelWithDebInfo_DLL|x86
		RelWithDebInfo|Any CPU = RelWithDebInfo|Any CPU
		RelWithDebInfo|x64 = RelWithDebInfo|x64
		RelWithDebInfo|x86 = RelWithDebInfo|x86
	EndGlobalSection
	GlobalSection(ProjectConfigurationPlatforms) = postSolution
		{19689540-1778-4AAC-80F0-D8349BD390DE}.Debug|Any CPU.ActiveCfg = Debug|Any CPU
		{19689540-1778-4AAC-80F0-D8349BD390DE}.Debug|Any CPU.Build.0 = Debug|Any CPU
		{19689540-1778-4AAC-80F0-D8349BD390DE}.Debug|x64.ActiveCfg = Debug|Any CPU
		{19689540-1778-4AAC-80F0-D8349BD390DE}.Debug|x64.Build.0 = Debug|Any CPU
		{19689540-1778-4AAC-80F0-D8349BD390DE}.Debug|x86.ActiveCfg = Debug|Any CPU
		{19689540-1778-4AAC-80F0-D8349BD390DE}.Debug|x86.Build.0 = Debug|Any CPU
		{19689540-1778-4AAC-80F0-D8349BD390DE}.MinSizeRel|Any CPU.ActiveCfg = Release|Any CPU
		{19689540-1778-4AAC-80F0-D8349BD390DE}.MinSizeRel|Any CPU.Build.0 = Release|Any CPU
		{19689540-1778-4AAC-80F0-D8349BD390DE}.MinSizeRel|x64.ActiveCfg = Release|Any CPU
		{19689540-1778-4AAC-80F0-D8349BD390DE}.MinSizeRel|x64.Build.0 = Release|Any CPU
		{19689540-1778-4AAC-80F0-D8349BD390DE}.MinSizeRel|x86.ActiveCfg = Release|Any CPU
		{19689540-1778-4AAC-80F0-D8349BD390DE}.MinSizeRel|x86.Build.0 = Release|Any CPU
		{19689540-1778-4AAC-80F0-D8349BD390DE}.Release_DLL|Any CPU.ActiveCfg = Release_DLL|Any CPU
		{19689540-1778-4AAC-80F0-D8349BD390DE}.Release_DLL|Any CPU.Build.0 = Release_DLL|Any CPU
		{19689540-1778-4AAC-80F0-D8349BD390DE}.Release_DLL|x64.ActiveCfg = Release|Any CPU
		{19689540-1778-4AAC-80F0-D8349BD390DE}.Release_DLL|x64.Build.0 = Release|Any CPU
		{19689540-1778-4AAC-80F0-D8349BD390DE}.Release_DLL|x86.ActiveCfg = Release_DLL|Any CPU
		{19689540-1778-4AAC-80F0-D8349BD390DE}.Release_DLL|x86.Build.0 = Release_DLL|Any CPU
		{19689540-1778-4AAC-80F0-D8349BD390DE}.Release|Any CPU.ActiveCfg = Release|Any CPU
		{19689540-1778-4AAC-80F0-D8349BD390DE}.Release|Any CPU.Build.0 = Release|Any CPU
		{19689540-1778-4AAC-80F0-D8349BD390DE}.Release|x64.ActiveCfg = Release|Any CPU
		{19689540-1778-4AAC-80F0-D8349BD390DE}.Release|x64.Build.0 = Release|Any CPU
		{19689540-1778-4AAC-80F0-D8349BD390DE}.Release|x86.ActiveCfg = Release|Any CPU
		{19689540-1778-4AAC-80F0-D8349BD390DE}.Release|x86.Build.0 = Release|Any CPU
		{19689540-1778-4AAC-80F0-D8349BD390DE}.RelWithDebInfo_DLL|Any CPU.ActiveCfg = Release|Any CPU
		{19689540-1778-4AAC-80F0-D8349BD390DE}.RelWithDebInfo_DLL|Any CPU.Build.0 = Release|Any CPU
		{19689540-1778-4AAC-80F0-D8349BD390DE}.RelWithDebInfo_DLL|x64.ActiveCfg = Release|Any CPU
		{19689540-1778-4AAC-80F0-D8349BD390DE}.RelWithDebInfo_DLL|x64.Build.0 = Release|Any CPU
		{19689540-1778-4AAC-80F0-D8349BD390DE}.RelWithDebInfo_DLL|x86.ActiveCfg = Release|Any CPU
		{19689540-1778-4AAC-80F0-D8349BD390DE}.RelWithDebInfo_DLL|x86.Build.0 = Release|Any CPU
		{19689540-1778-4AAC-80F0-D8349BD390DE}.RelWithDebInfo|Any CPU.ActiveCfg = Release|Any CPU
		{19689540-1778-4AAC-80F0-D8349BD390DE}.RelWithDebInfo|Any CPU.Build.0 = Release|Any CPU
		{19689540-1778-4AAC-80F0-D8349BD390DE}.RelWithDebInfo|x64.ActiveCfg = Debug|Any CPU
		{19689540-1778-4AAC-80F0-D8349BD390DE}.RelWithDebInfo|x64.Build.0 = Debug|Any CPU
		{19689540-1778-4AAC-80F0-D8349BD390DE}.RelWithDebInfo|x86.ActiveCfg = Release|Any CPU
		{19689540-1778-4AAC-80F0-D8349BD390DE}.RelWithDebInfo|x86.Build.0 = Release|Any CPU
		{A21FB203-1CF4-442D-B88E-E528C48879B2}.Debug|Any CPU.ActiveCfg = Debug|Win32
		{A21FB203-1CF4-442D-B88E-E528C48879B2}.Debug|x64.ActiveCfg = Debug|x64
		{A21FB203-1CF4-442D-B88E-E528C48879B2}.Debug|x64.Build.0 = Debug|x64
		{A21FB203-1CF4-442D-B88E-E528C48879B2}.Debug|x86.ActiveCfg = Debug|Win32
		{A21FB203-1CF4-442D-B88E-E528C48879B2}.Debug|x86.Build.0 = Debug|Win32
		{A21FB203-1CF4-442D-B88E-E528C48879B2}.MinSizeRel|Any CPU.ActiveCfg = Release_DLL|x64
		{A21FB203-1CF4-442D-B88E-E528C48879B2}.MinSizeRel|Any CPU.Build.0 = Release_DLL|x64
		{A21FB203-1CF4-442D-B88E-E528C48879B2}.MinSizeRel|x64.ActiveCfg = Release_DLL|x64
		{A21FB203-1CF4-442D-B88E-E528C48879B2}.MinSizeRel|x64.Build.0 = Release_DLL|x64
		{A21FB203-1CF4-442D-B88E-E528C48879B2}.MinSizeRel|x86.ActiveCfg = Release|Win32
		{A21FB203-1CF4-442D-B88E-E528C48879B2}.MinSizeRel|x86.Build.0 = Release|Win32
		{A21FB203-1CF4-442D-B88E-E528C48879B2}.Release_DLL|Any CPU.ActiveCfg = Release_DLL|Win32
		{A21FB203-1CF4-442D-B88E-E528C48879B2}.Release_DLL|x64.ActiveCfg = Release|x64
		{A21FB203-1CF4-442D-B88E-E528C48879B2}.Release_DLL|x64.Build.0 = Release|x64
		{A21FB203-1CF4-442D-B88E-E528C48879B2}.Release_DLL|x86.ActiveCfg = Release_DLL|Win32
		{A21FB203-1CF4-442D-B88E-E528C48879B2}.Release_DLL|x86.Build.0 = Release_DLL|Win32
		{A21FB203-1CF4-442D-B88E-E528C48879B2}.Release|Any CPU.ActiveCfg = Release|Win32
		{A21FB203-1CF4-442D-B88E-E528C48879B2}.Release|x64.ActiveCfg = Release|x64
		{A21FB203-1CF4-442D-B88E-E528C48879B2}.Release|x64.Build.0 = Release|x64
		{A21FB203-1CF4-442D-B88E-E528C48879B2}.Release|x86.ActiveCfg = Release|Win32
		{A21FB203-1CF4-442D-B88E-E528C48879B2}.Release|x86.Build.0 = Release|Win32
		{A21FB203-1CF4-442D-B88E-E528C48879B2}.RelWithDebInfo_DLL|Any CPU.ActiveCfg = Release_DLL|x64
		{A21FB203-1CF4-442D-B88E-E528C48879B2}.RelWithDebInfo_DLL|Any CPU.Build.0 = Release_DLL|x64
		{A21FB203-1CF4-442D-B88E-E528C48879B2}.RelWithDebInfo_DLL|x64.ActiveCfg = Release|x64
		{A21FB203-1CF4-442D-B88E-E528C48879B2}.RelWithDebInfo_DLL|x64.Build.0 = Release|x64
		{A21FB203-1CF4-442D-B88E-E528C48879B2}.RelWithDebInfo_DLL|x86.ActiveCfg = Release|Win32
		{A21FB203-1CF4-442D-B88E-E528C48879B2}.RelWithDebInfo_DLL|x86.Build.0 = Release|Win32
		{A21FB203-1CF4-442D-B88E-E528C48879B2}.RelWithDebInfo|Any CPU.ActiveCfg = Release|Win32
		{A21FB203-1CF4-442D-B88E-E528C48879B2}.RelWithDebInfo|x64.ActiveCfg = Release|x64
		{A21FB203-1CF4-442D-B88E-E528C48879B2}.RelWithDebInfo|x64.Build.0 = Release|x64
		{A21FB203-1CF4-442D-B88E-E528C48879B2}.RelWithDebInfo|x86.ActiveCfg = Release|Win32
		{A21FB203-1CF4-442D-B88E-E528C48879B2}.RelWithDebInfo|x86.Build.0 = Release|Win32
		{8A5C42B1-FBB0-4BA9-A6CF-8B14FF1E9AA0}.Debug|Any CPU.ActiveCfg = Debug|Any CPU
		{8A5C42B1-FBB0-4BA9-A6CF-8B14FF1E9AA0}.Debug|Any CPU.Build.0 = Debug|Any CPU
		{8A5C42B1-FBB0-4BA9-A6CF-8B14FF1E9AA0}.Debug|x64.ActiveCfg = Debug|Any CPU
		{8A5C42B1-FBB0-4BA9-A6CF-8B14FF1E9AA0}.Debug|x64.Build.0 = Debug|Any CPU
		{8A5C42B1-FBB0-4BA9-A6CF-8B14FF1E9AA0}.Debug|x86.ActiveCfg = Debug|Any CPU
		{8A5C42B1-FBB0-4BA9-A6CF-8B14FF1E9AA0}.Debug|x86.Build.0 = Debug|Any CPU
		{8A5C42B1-FBB0-4BA9-A6CF-8B14FF1E9AA0}.MinSizeRel|Any CPU.ActiveCfg = Release|Any CPU
		{8A5C42B1-FBB0-4BA9-A6CF-8B14FF1E9AA0}.MinSizeRel|Any CPU.Build.0 = Release|Any CPU
		{8A5C42B1-FBB0-4BA9-A6CF-8B14FF1E9AA0}.MinSizeRel|x64.ActiveCfg = Release|Any CPU
		{8A5C42B1-FBB0-4BA9-A6CF-8B14FF1E9AA0}.MinSizeRel|x64.Build.0 = Release|Any CPU
		{8A5C42B1-FBB0-4BA9-A6CF-8B14FF1E9AA0}.MinSizeRel|x86.ActiveCfg = Release|Any CPU
		{8A5C42B1-FBB0-4BA9-A6CF-8B14FF1E9AA0}.MinSizeRel|x86.Build.0 = Release|Any CPU
		{8A5C42B1-FBB0-4BA9-A6CF-8B14FF1E9AA0}.Release_DLL|Any CPU.ActiveCfg = Release_DLL|Any CPU
		{8A5C42B1-FBB0-4BA9-A6CF-8B14FF1E9AA0}.Release_DLL|Any CPU.Build.0 = Release_DLL|Any CPU
		{8A5C42B1-FBB0-4BA9-A6CF-8B14FF1E9AA0}.Release_DLL|x64.ActiveCfg = Release|Any CPU
		{8A5C42B1-FBB0-4BA9-A6CF-8B14FF1E9AA0}.Release_DLL|x64.Build.0 = Release|Any CPU
		{8A5C42B1-FBB0-4BA9-A6CF-8B14FF1E9AA0}.Release_DLL|x86.ActiveCfg = Release_DLL|Any CPU
		{8A5C42B1-FBB0-4BA9-A6CF-8B14FF1E9AA0}.Release_DLL|x86.Build.0 = Release_DLL|Any CPU
		{8A5C42B1-FBB0-4BA9-A6CF-8B14FF1E9AA0}.Release|Any CPU.ActiveCfg = Release|Any CPU
		{8A5C42B1-FBB0-4BA9-A6CF-8B14FF1E9AA0}.Release|Any CPU.Build.0 = Release|Any CPU
		{8A5C42B1-FBB0-4BA9-A6CF-8B14FF1E9AA0}.Release|x64.ActiveCfg = Release|Any CPU
		{8A5C42B1-FBB0-4BA9-A6CF-8B14FF1E9AA0}.Release|x64.Build.0 = Release|Any CPU
		{8A5C42B1-FBB0-4BA9-A6CF-8B14FF1E9AA0}.Release|x86.ActiveCfg = Release|Any CPU
		{8A5C42B1-FBB0-4BA9-A6CF-8B14FF1E9AA0}.Release|x86.Build.0 = Release|Any CPU
		{8A5C42B1-FBB0-4BA9-A6CF-8B14FF1E9AA0}.RelWithDebInfo_DLL|Any CPU.ActiveCfg = Release|Any CPU
		{8A5C42B1-FBB0-4BA9-A6CF-8B14FF1E9AA0}.RelWithDebInfo_DLL|Any CPU.Build.0 = Release|Any CPU
		{8A5C42B1-FBB0-4BA9-A6CF-8B14FF1E9AA0}.RelWithDebInfo_DLL|x64.ActiveCfg = Release|Any CPU
		{8A5C42B1-FBB0-4BA9-A6CF-8B14FF1E9AA0}.RelWithDebInfo_DLL|x64.Build.0 = Release|Any CPU
		{8A5C42B1-FBB0-4BA9-A6CF-8B14FF1E9AA0}.RelWithDebInfo_DLL|x86.ActiveCfg = Release|Any CPU
		{8A5C42B1-FBB0-4BA9-A6CF-8B14FF1E9AA0}.RelWithDebInfo_DLL|x86.Build.0 = Release|Any CPU
		{8A5C42B1-FBB0-4BA9-A6CF-8B14FF1E9AA0}.RelWithDebInfo|Any CPU.ActiveCfg = Release|Any CPU
		{8A5C42B1-FBB0-4BA9-A6CF-8B14FF1E9AA0}.RelWithDebInfo|Any CPU.Build.0 = Release|Any CPU
		{8A5C42B1-FBB0-4BA9-A6CF-8B14FF1E9AA0}.RelWithDebInfo|x64.ActiveCfg = Debug|Any CPU
		{8A5C42B1-FBB0-4BA9-A6CF-8B14FF1E9AA0}.RelWithDebInfo|x64.Build.0 = Debug|Any CPU
		{8A5C42B1-FBB0-4BA9-A6CF-8B14FF1E9AA0}.RelWithDebInfo|x86.ActiveCfg = Release|Any CPU
		{8A5C42B1-FBB0-4BA9-A6CF-8B14FF1E9AA0}.RelWithDebInfo|x86.Build.0 = Release|Any CPU
		{1F5E9BD3-65C7-48D5-AA42-79D2F4753003}.Debug|Any CPU.ActiveCfg = Debug|Any CPU
		{1F5E9BD3-65C7-48D5-AA42-79D2F4753003}.Debug|Any CPU.Build.0 = Debug|Any CPU
		{1F5E9BD3-65C7-48D5-AA42-79D2F4753003}.Debug|x64.ActiveCfg = Debug|Any CPU
		{1F5E9BD3-65C7-48D5-AA42-79D2F4753003}.Debug|x64.Build.0 = Debug|Any CPU
		{1F5E9BD3-65C7-48D5-AA42-79D2F4753003}.Debug|x86.ActiveCfg = Debug|Any CPU
		{1F5E9BD3-65C7-48D5-AA42-79D2F4753003}.Debug|x86.Build.0 = Debug|Any CPU
		{1F5E9BD3-65C7-48D5-AA42-79D2F4753003}.MinSizeRel|Any CPU.ActiveCfg = Release|Any CPU
		{1F5E9BD3-65C7-48D5-AA42-79D2F4753003}.MinSizeRel|Any CPU.Build.0 = Release|Any CPU
		{1F5E9BD3-65C7-48D5-AA42-79D2F4753003}.MinSizeRel|x64.ActiveCfg = Release|Any CPU
		{1F5E9BD3-65C7-48D5-AA42-79D2F4753003}.MinSizeRel|x64.Build.0 = Release|Any CPU
		{1F5E9BD3-65C7-48D5-AA42-79D2F4753003}.MinSizeRel|x86.ActiveCfg = Release|Any CPU
		{1F5E9BD3-65C7-48D5-AA42-79D2F4753003}.MinSizeRel|x86.Build.0 = Release|Any CPU
		{1F5E9BD3-65C7-48D5-AA42-79D2F4753003}.Release_DLL|Any CPU.ActiveCfg = Release_DLL|Any CPU
		{1F5E9BD3-65C7-48D5-AA42-79D2F4753003}.Release_DLL|Any CPU.Build.0 = Release_DLL|Any CPU
		{1F5E9BD3-65C7-48D5-AA42-79D2F4753003}.Release_DLL|x64.ActiveCfg = Release|Any CPU
		{1F5E9BD3-65C7-48D5-AA42-79D2F4753003}.Release_DLL|x64.Build.0 = Release|Any CPU
		{1F5E9BD3-65C7-48D5-AA42-79D2F4753003}.Release_DLL|x86.ActiveCfg = Release_DLL|Any CPU
		{1F5E9BD3-65C7-48D5-AA42-79D2F4753003}.Release_DLL|x86.Build.0 = Release_DLL|Any CPU
		{1F5E9BD3-65C7-48D5-AA42-79D2F4753003}.Release|Any CPU.ActiveCfg = Release|Any CPU
		{1F5E9BD3-65C7-48D5-AA42-79D2F4753003}.Release|Any CPU.Build.0 = Release|Any CPU
		{1F5E9BD3-65C7-48D5-AA42-79D2F4753003}.Release|x64.ActiveCfg = Release|Any CPU
		{1F5E9BD3-65C7-48D5-AA42-79D2F4753003}.Release|x64.Build.0 = Release|Any CPU
		{1F5E9BD3-65C7-48D5-AA42-79D2F4753003}.Release|x86.ActiveCfg = Release|Any CPU
		{1F5E9BD3-65C7-48D5-AA42-79D2F4753003}.Release|x86.Build.0 = Release|Any CPU
		{1F5E9BD3-65C7-48D5-AA42-79D2F4753003}.RelWithDebInfo_DLL|Any CPU.ActiveCfg = Release|Any CPU
		{1F5E9BD3-65C7-48D5-AA42-79D2F4753003}.RelWithDebInfo_DLL|Any CPU.Build.0 = Release|Any CPU
		{1F5E9BD3-65C7-48D5-AA42-79D2F4753003}.RelWithDebInfo_DLL|x64.ActiveCfg = Release|Any CPU
		{1F5E9BD3-65C7-48D5-AA42-79D2F4753003}.RelWithDebInfo_DLL|x64.Build.0 = Release|Any CPU
		{1F5E9BD3-65C7-48D5-AA42-79D2F4753003}.RelWithDebInfo_DLL|x86.ActiveCfg = Release|Any CPU
		{1F5E9BD3-65C7-48D5-AA42-79D2F4753003}.RelWithDebInfo_DLL|x86.Build.0 = Release|Any CPU
		{1F5E9BD3-65C7-48D5-AA42-79D2F4753003}.RelWithDebInfo|Any CPU.ActiveCfg = Release|Any CPU
		{1F5E9BD3-65C7-48D5-AA42-79D2F4753003}.RelWithDebInfo|Any CPU.Build.0 = Release|Any CPU
		{1F5E9BD3-65C7-48D5-AA42-79D2F4753003}.RelWithDebInfo|x64.ActiveCfg = Debug|Any CPU
		{1F5E9BD3-65C7-48D5-AA42-79D2F4753003}.RelWithDebInfo|x64.Build.0 = Debug|Any CPU
		{1F5E9BD3-65C7-48D5-AA42-79D2F4753003}.RelWithDebInfo|x86.ActiveCfg = Release|Any CPU
		{1F5E9BD3-65C7-48D5-AA42-79D2F4753003}.RelWithDebInfo|x86.Build.0 = Release|Any CPU
		{DF9A77F2-5092-4966-9375-A308D3113D13}.Debug|Any CPU.ActiveCfg = Debug|Win32
		{DF9A77F2-5092-4966-9375-A308D3113D13}.Debug|x64.ActiveCfg = Debug|x64
		{DF9A77F2-5092-4966-9375-A308D3113D13}.Debug|x64.Build.0 = Debug|x64
		{DF9A77F2-5092-4966-9375-A308D3113D13}.Debug|x86.ActiveCfg = Debug|Win32
		{DF9A77F2-5092-4966-9375-A308D3113D13}.Debug|x86.Build.0 = Debug|Win32
		{DF9A77F2-5092-4966-9375-A308D3113D13}.MinSizeRel|Any CPU.ActiveCfg = MinSizeRel|Win32
		{DF9A77F2-5092-4966-9375-A308D3113D13}.MinSizeRel|x64.ActiveCfg = MinSizeRel|x64
		{DF9A77F2-5092-4966-9375-A308D3113D13}.MinSizeRel|x64.Build.0 = MinSizeRel|x64
		{DF9A77F2-5092-4966-9375-A308D3113D13}.MinSizeRel|x86.ActiveCfg = MinSizeRel|Win32
		{DF9A77F2-5092-4966-9375-A308D3113D13}.MinSizeRel|x86.Build.0 = MinSizeRel|Win32
		{DF9A77F2-5092-4966-9375-A308D3113D13}.Release_DLL|Any CPU.ActiveCfg = MinSizeRel|x64
		{DF9A77F2-5092-4966-9375-A308D3113D13}.Release_DLL|Any CPU.Build.0 = MinSizeRel|x64
		{DF9A77F2-5092-4966-9375-A308D3113D13}.Release_DLL|x64.ActiveCfg = Release|x64
		{DF9A77F2-5092-4966-9375-A308D3113D13}.Release_DLL|x64.Build.0 = Release|x64
		{DF9A77F2-5092-4966-9375-A308D3113D13}.Release_DLL|x86.ActiveCfg = Release|Win32
		{DF9A77F2-5092-4966-9375-A308D3113D13}.Release_DLL|x86.Build.0 = Release|Win32
		{DF9A77F2-5092-4966-9375-A308D3113D13}.Release|Any CPU.ActiveCfg = Release|Win32
		{DF9A77F2-5092-4966-9375-A308D3113D13}.Release|x64.ActiveCfg = RelWithDebInfo|x64
		{DF9A77F2-5092-4966-9375-A308D3113D13}.Release|x64.Build.0 = RelWithDebInfo|x64
		{DF9A77F2-5092-4966-9375-A308D3113D13}.Release|x86.ActiveCfg = Release|Win32
		{DF9A77F2-5092-4966-9375-A308D3113D13}.Release|x86.Build.0 = Release|Win32
		{DF9A77F2-5092-4966-9375-A308D3113D13}.RelWithDebInfo_DLL|Any CPU.ActiveCfg = RelWithDebInfo_DLL|Win32
		{DF9A77F2-5092-4966-9375-A308D3113D13}.RelWithDebInfo_DLL|x64.ActiveCfg = RelWithDebInfo_DLL|x64
		{DF9A77F2-5092-4966-9375-A308D3113D13}.RelWithDebInfo_DLL|x64.Build.0 = RelWithDebInfo_DLL|x64
		{DF9A77F2-5092-4966-9375-A308D3113D13}.RelWithDebInfo_DLL|x86.ActiveCfg = RelWithDebInfo_DLL|Win32
		{DF9A77F2-5092-4966-9375-A308D3113D13}.RelWithDebInfo_DLL|x86.Build.0 = RelWithDebInfo_DLL|Win32
		{DF9A77F2-5092-4966-9375-A308D3113D13}.RelWithDebInfo|Any CPU.ActiveCfg = RelWithDebInfo|Win32
		{DF9A77F2-5092-4966-9375-A308D3113D13}.RelWithDebInfo|x64.ActiveCfg = RelWithDebInfo|x64
		{DF9A77F2-5092-4966-9375-A308D3113D13}.RelWithDebInfo|x64.Build.0 = RelWithDebInfo|x64
		{DF9A77F2-5092-4966-9375-A308D3113D13}.RelWithDebInfo|x86.ActiveCfg = RelWithDebInfo|Win32
		{DF9A77F2-5092-4966-9375-A308D3113D13}.RelWithDebInfo|x86.Build.0 = RelWithDebInfo|Win32
		{CC80B186-11A3-4CA2-85B9-26425FC494DF}.Debug|Any CPU.ActiveCfg = Debug|Any CPU
		{CC80B186-11A3-4CA2-85B9-26425FC494DF}.Debug|Any CPU.Build.0 = Debug|Any CPU
		{CC80B186-11A3-4CA2-85B9-26425FC494DF}.Debug|x64.ActiveCfg = Debug|Any CPU
		{CC80B186-11A3-4CA2-85B9-26425FC494DF}.Debug|x64.Build.0 = Debug|Any CPU
		{CC80B186-11A3-4CA2-85B9-26425FC494DF}.Debug|x86.ActiveCfg = Debug|Any CPU
		{CC80B186-11A3-4CA2-85B9-26425FC494DF}.Debug|x86.Build.0 = Debug|Any CPU
		{CC80B186-11A3-4CA2-85B9-26425FC494DF}.MinSizeRel|Any CPU.ActiveCfg = Release|Any CPU
		{CC80B186-11A3-4CA2-85B9-26425FC494DF}.MinSizeRel|Any CPU.Build.0 = Release|Any CPU
		{CC80B186-11A3-4CA2-85B9-26425FC494DF}.MinSizeRel|x64.ActiveCfg = Release|Any CPU
		{CC80B186-11A3-4CA2-85B9-26425FC494DF}.MinSizeRel|x64.Build.0 = Release|Any CPU
		{CC80B186-11A3-4CA2-85B9-26425FC494DF}.MinSizeRel|x86.ActiveCfg = Release|Any CPU
		{CC80B186-11A3-4CA2-85B9-26425FC494DF}.MinSizeRel|x86.Build.0 = Release|Any CPU
		{CC80B186-11A3-4CA2-85B9-26425FC494DF}.Release_DLL|Any CPU.ActiveCfg = Release|Any CPU
		{CC80B186-11A3-4CA2-85B9-26425FC494DF}.Release_DLL|Any CPU.Build.0 = Release|Any CPU
		{CC80B186-11A3-4CA2-85B9-26425FC494DF}.Release_DLL|x64.ActiveCfg = Release|Any CPU
		{CC80B186-11A3-4CA2-85B9-26425FC494DF}.Release_DLL|x64.Build.0 = Release|Any CPU
		{CC80B186-11A3-4CA2-85B9-26425FC494DF}.Release_DLL|x86.ActiveCfg = Release|Any CPU
		{CC80B186-11A3-4CA2-85B9-26425FC494DF}.Release_DLL|x86.Build.0 = Release|Any CPU
		{CC80B186-11A3-4CA2-85B9-26425FC494DF}.Release|Any CPU.ActiveCfg = Release|Any CPU
		{CC80B186-11A3-4CA2-85B9-26425FC494DF}.Release|Any CPU.Build.0 = Release|Any CPU
		{CC80B186-11A3-4CA2-85B9-26425FC494DF}.Release|x64.ActiveCfg = Release|Any CPU
		{CC80B186-11A3-4CA2-85B9-26425FC494DF}.Release|x64.Build.0 = Release|Any CPU
		{CC80B186-11A3-4CA2-85B9-26425FC494DF}.Release|x86.ActiveCfg = Release|Any CPU
		{CC80B186-11A3-4CA2-85B9-26425FC494DF}.Release|x86.Build.0 = Release|Any CPU
		{CC80B186-11A3-4CA2-85B9-26425FC494DF}.RelWithDebInfo_DLL|Any CPU.ActiveCfg = Release|Any CPU
		{CC80B186-11A3-4CA2-85B9-26425FC494DF}.RelWithDebInfo_DLL|Any CPU.Build.0 = Release|Any CPU
		{CC80B186-11A3-4CA2-85B9-26425FC494DF}.RelWithDebInfo_DLL|x64.ActiveCfg = Release|Any CPU
		{CC80B186-11A3-4CA2-85B9-26425FC494DF}.RelWithDebInfo_DLL|x64.Build.0 = Release|Any CPU
		{CC80B186-11A3-4CA2-85B9-26425FC494DF}.RelWithDebInfo_DLL|x86.ActiveCfg = Release|Any CPU
		{CC80B186-11A3-4CA2-85B9-26425FC494DF}.RelWithDebInfo_DLL|x86.Build.0 = Release|Any CPU
		{CC80B186-11A3-4CA2-85B9-26425FC494DF}.RelWithDebInfo|Any CPU.ActiveCfg = Release|Any CPU
		{CC80B186-11A3-4CA2-85B9-26425FC494DF}.RelWithDebInfo|Any CPU.Build.0 = Release|Any CPU
		{CC80B186-11A3-4CA2-85B9-26425FC494DF}.RelWithDebInfo|x64.ActiveCfg = Debug|Any CPU
		{CC80B186-11A3-4CA2-85B9-26425FC494DF}.RelWithDebInfo|x64.Build.0 = Debug|Any CPU
		{CC80B186-11A3-4CA2-85B9-26425FC494DF}.RelWithDebInfo|x86.ActiveCfg = Release|Any CPU
		{CC80B186-11A3-4CA2-85B9-26425FC494DF}.RelWithDebInfo|x86.Build.0 = Release|Any CPU
	EndGlobalSection
	GlobalSection(SolutionProperties) = preSolution
		HideSolutionNode = FALSE
	EndGlobalSection
	GlobalSection(ExtensibilityGlobals) = postSolution
		SolutionGuid = {D5B0B81B-F0B0-43F1-AB37-44454726BC68}
	EndGlobalSection
EndGlobal
