<?xml version="1.0" encoding="utf-8"?>
<Project ToolsVersion="4.0" xmlns="http://schemas.microsoft.com/developer/msbuild/2003">
  <ItemGroup>
    <Filter Include="Quelldateien">
      <UniqueIdentifier>{4FC737F1-C7A5-4376-A066-2A32D752A2FF}</UniqueIdentifier>
      <Extensions>cpp;c;cc;cxx;def;odl;idl;hpj;bat;asm;asmx</Extensions>
    </Filter>
    <Filter Include="Headerdateien">
      <UniqueIdentifier>{93995380-89BD-4b04-88EB-625FBE52EBFB}</UniqueIdentifier>
      <Extensions>h;hh;hpp;hxx;hm;inl;inc;ipp;xsd</Extensions>
    </Filter>
    <Filter Include="Ressourcendateien">
      <UniqueIdentifier>{67DA6AB6-F800-4c08-8B7A-83BB121AAD01}</UniqueIdentifier>
      <Extensions>rc;ico;cur;bmp;dlg;rc2;rct;bin;rgs;gif;jpg;jpeg;jpe;resx;tiff;tif;png;wav;mfcribbon-ms</Extensions>
    </Filter>
  </ItemGroup>
  <ItemGroup>
    <ClCompile Include="D:\Besitzer\Documents\fblang\FB_JIT\Actor.cpp">
      <Filter>Quelldateien</Filter>
    </ClCompile>
    <ClCompile Include="D:\Besitzer\Documents\fblang\FB_JIT\ActorContext.cpp">
      <Filter>Quelldateien</Filter>
    </ClCompile>
    <ClCompile Include="D:\Besitzer\Documents\fblang\FB_JIT\AlignedStorage.cpp">
      <Filter>Quelldateien</Filter>
    </ClCompile>
    <ClCompile Include="D:\Besitzer\Documents\fblang\FB_JIT\AsyncFileIO.cpp">
      <Filter>Quelldateien</Filter>
    </ClCompile>
    <ClCompile Include="D:\Besitzer\Documents\fblang\FB_JIT\AsyncIO.cpp">
      <Filter>Quelldateien</Filter>
    </ClCompile>
    <ClCompile Include="D:\Besitzer\Documents\fblang\FB_JIT\BasicBitcodeJIT.cpp">
      <Filter>Quelldateien</Filter>
    </ClCompile>
    <ClCompile Include="D:\Besitzer\Documents\fblang\FB_JIT\Delay.cpp">
      <Filter>Quelldateien</Filter>
    </ClCompile>
    <ClCompile Include="D:\Besitzer\Documents\fblang\FB_JIT\FBInternalFunctions.cpp">
      <Filter>Quelldateien</Filter>
    </ClCompile>
    <ClCompile Include="D:\Besitzer\Documents\fblang\FB_JIT\ManualResetEvent.cpp">
      <Filter>Quelldateien</Filter>
    </ClCompile>
    <ClCompile Include="D:\Besitzer\Documents\fblang\FB_JIT\MPSCQueue.cpp">
      <Filter>Quelldateien</Filter>
    </ClCompile>
    <ClCompile Include="D:\Besitzer\Documents\fblang\FB_JIT\ParallelLoop.cpp">
      <Filter>Quelldateien</Filter>
    </ClCompile>
    <ClCompile Include="D:\Besitzer\Documents\fblang\FB_JIT\ProgramOptions.cpp">
      <Filter>Quelldateien</Filter>
    </ClCompile>
    <ClCompile Include="D:\Besitzer\Documents\fblang\FB_JIT\RandomNumberGenerator.cpp">
      <Filter>Quelldateien</Filter>
    </ClCompile>
    <ClCompile Include="D:\Besitzer\Documents\fblang\FB_JIT\SchedulerQueue.cpp">
      <Filter>Quelldateien</Filter>
    </ClCompile>
    <ClCompile Include="D:\Besitzer\Documents\fblang\FB_JIT\SimpleGC.cpp">
      <Filter>Quelldateien</Filter>
    </ClCompile>
    <ClCompile Include="D:\Besitzer\Documents\fblang\FB_JIT\SimpleJobScheduler.cpp">
      <Filter>Quelldateien</Filter>
    </ClCompile>
    <ClCompile Include="D:\Besitzer\Documents\fblang\FB_JIT\String.cpp">
      <Filter>Quelldateien</Filter>
    </ClCompile>
    <ClCompile Include="D:\Besitzer\Documents\fblang\FB_JIT\Task.cpp">
      <Filter>Quelldateien</Filter>
    </ClCompile>
    <ClCompile Include="D:\Besitzer\Documents\fblang\FB_JIT\TaskBarrier.cpp">
      <Filter>Quelldateien</Filter>
    </ClCompile>
    <ClCompile Include="D:\Besitzer\Documents\fblang\FB_JIT\TaskScheduler.cpp">
      <Filter>Quelldateien</Filter>
    </ClCompile>
  </ItemGroup>
  <ItemGroup>
    <ClInclude Include="D:\Besitzer\Documents\fblang\FB_JIT\Actor.h">
      <Filter>Headerdateien</Filter>
    </ClInclude>
    <ClInclude Include="D:\Besitzer\Documents\fblang\FB_JIT\ActorContext.h">
      <Filter>Headerdateien</Filter>
    </ClInclude>
    <ClInclude Include="D:\Besitzer\Documents\fblang\FB_JIT\AlignedStorage.h">
      <Filter>Headerdateien</Filter>
    </ClInclude>
    <ClInclude Include="D:\Besitzer\Documents\fblang\FB_JIT\AsyncFileIO.h">
      <Filter>Headerdateien</Filter>
    </ClInclude>
    <ClInclude Include="D:\Besitzer\Documents\fblang\FB_JIT\AsyncIO.h">
      <Filter>Headerdateien</Filter>
    </ClInclude>
    <ClInclude Include="D:\Besitzer\Documents\fblang\FB_JIT\Delay.h">
      <Filter>Headerdateien</Filter>
    </ClInclude>
    <ClInclude Include="D:\Besitzer\Documents\fblang\FB_JIT\FBInternalFunctions.h">
      <Filter>Headerdateien</Filter>
    </ClInclude>
    <ClInclude Include="D:\Besitzer\Documents\fblang\FB_JIT\formatStrings.h">
      <Filter>Headerdateien</Filter>
    </ClInclude>
    <ClInclude Include="D:\Besitzer\Documents\fblang\FB_JIT\GC_NEW.h">
      <Filter>Headerdateien</Filter>
    </ClInclude>
    <ClInclude Include="D:\Besitzer\Documents\fblang\FB_JIT\IDManager.h">
      <Filter>Headerdateien</Filter>
    </ClInclude>
    <ClInclude Include="D:\Besitzer\Documents\fblang\FB_JIT\ManualResetEvent.h">
      <Filter>Headerdateien</Filter>
    </ClInclude>
    <ClInclude Include="D:\Besitzer\Documents\fblang\FB_JIT\MPSCQueue.h">
      <Filter>Headerdateien</Filter>
    </ClInclude>
    <ClInclude Include="D:\Besitzer\Documents\fblang\FB_JIT\ParallelLoop.h">
      <Filter>Headerdateien</Filter>
    </ClInclude>
    <ClInclude Include="D:\Besitzer\Documents\fblang\FB_JIT\ProgramOptions.h">
      <Filter>Headerdateien</Filter>
    </ClInclude>
    <ClInclude Include="D:\Besitzer\Documents\fblang\FB_JIT\RandomNumberGenerator.h">
      <Filter>Headerdateien</Filter>
    </ClInclude>
    <ClInclude Include="D:\Besitzer\Documents\fblang\FB_JIT\SchedulerQueue.h">
      <Filter>Headerdateien</Filter>
    </ClInclude>
    <ClInclude Include="D:\Besitzer\Documents\fblang\FB_JIT\SimpleGC.h">
      <Filter>Headerdateien</Filter>
    </ClInclude>
    <ClInclude Include="D:\Besitzer\Documents\fblang\FB_JIT\SimpleJobScheduler.h">
      <Filter>Headerdateien</Filter>
    </ClInclude>
    <ClInclude Include="D:\Besitzer\Documents\fblang\FB_JIT\Structures.h">
      <Filter>Headerdateien</Filter>
    </ClInclude>
    <ClInclude Include="D:\Besitzer\Documents\fblang\FB_JIT\Task.h">
      <Filter>Headerdateien</Filter>
    </ClInclude>
    <ClInclude Include="D:\Besitzer\Documents\fblang\FB_JIT\TaskBarrier.h">
      <Filter>Headerdateien</Filter>
    </ClInclude>
    <ClInclude Include="D:\Besitzer\Documents\fblang\FB_JIT\TaskScheduler.h">
      <Filter>Headerdateien</Filter>
    </ClInclude>
  </ItemGroup>
</Project>